
Microsoft Visual Studio Solution File, Format Version 12.00
# Visual Studio Version 17
VisualStudioVersion = 17.10.35004.147
MinimumVisualStudioVersion = 10.0.40219.1
Project("{FAE04EC0-301F-11D3-BF4B-00C04F79EFBC}") = "Csharp_DZ_5_Dedok", "Csharp_DZ_5_Dedok.csproj", "{E43A46B1-EB25-4C99-839D-682A120CE1F7}"
EndProject
Global
	GlobalSection(SolutionConfigurationPlatforms) = preSolution
		Debug|Any CPU = Debug|Any CPU
		Release|Any CPU = Release|Any CPU
	EndGlobalSection
	GlobalSection(ProjectConfigurationPlatforms) = postSolution
		{E43A46B1-EB25-4C99-839D-682A120CE1F7}.Debug|Any CPU.ActiveCfg = Debug|Any CPU
		{E43A46B1-EB25-4C99-839D-682A120CE1F7}.Debug|Any CPU.Build.0 = Debug|Any CPU
		{E43A46B1-EB25-4C99-839D-682A120CE1F7}.Release|Any CPU.ActiveCfg = Release|Any CPU
		{E43A46B1-EB25-4C99-839D-682A120CE1F7}.Release|Any CPU.Build.0 = Release|Any CPU
	EndGlobalSection
	GlobalSection(SolutionProperties) = preSolution
		HideSolutionNode = FALSE
	EndGlobalSection
	GlobalSection(ExtensibilityGlobals) = postSolution
		SolutionGuid = {CD2561BB-0536-4964-8262-4BF01599FC57}
	EndGlobalSection
EndGlobal
